
Microsoft Visual Studio Solution File, Format Version 11.00
# Visual Studio 2010
Project("{FAE04EC0-301F-11D3-BF4B-00C04F79EFBC}") = "LoyalHRM", "LoyalHRM\LoyalHRM.csproj", "{E85184E8-1D0F-43F8-B108-3CCC5CF832A3}"
EndProject
Project("{FAE04EC0-301F-11D3-BF4B-00C04F79EFBC}") = "APCoreProcess", "..\APCoreProcess.cs\APCoreProcess.cs\APCoreProcess.csproj", "{BFCD11FB-6032-4582-A4D5-679A61757134}"
EndProject
Project("{FAE04EC0-301F-11D3-BF4B-00C04F79EFBC}") = "ControlDev", "..\Controls\Controls\ControlDev.csproj", "{A39FCC7D-2A76-4462-BD45-47373F3C1862}"
EndProject
Project("{FAE04EC0-301F-11D3-BF4B-00C04F79EFBC}") = "Data", "..\Data\Data\Data.csproj", "{7B7D3D1A-2330-48FE-9FC0-9D02B44B41EE}"
EndProject
Project("{FAE04EC0-301F-11D3-BF4B-00C04F79EFBC}") = "Function", "..\Function\Function\Function.csproj", "{C32FE0AF-401D-4608-A2E6-2A603617C62E}"
EndProject
Project("{FAE04EC0-301F-11D3-BF4B-00C04F79EFBC}") = "Security", "..\Security\Security\Security.csproj", "{562116F7-8A38-4346-9919-DE0AF8AE47D5}"
EndProject
Project("{FAE04EC0-301F-11D3-BF4B-00C04F79EFBC}") = "IMPORTEXCEL", "..\IMPORTEXCEL\IMPORTEXCEL.csproj", "{6D9282C7-6991-4D31-AA13-1DEC4ED67DF8}"
EndProject
Project("{FAE04EC0-301F-11D3-BF4B-00C04F79EFBC}") = "UPDATE_ONLINE", "..\UPDATE_ONLINE\UPDATE_ONLINE.csproj", "{C9A6B542-470A-4638-9590-59B81C74B6B0}"
EndProject
Project("{FAE04EC0-301F-11D3-BF4B-00C04F79EFBC}") = "SOURCE_FORM_EMPLOYEES", "..\SOURCE_FORM_BASIC\SOURCE_FORM\SOURCE_FORM_EMPLOYEES.csproj", "{B4880C04-EA31-452F-AAB1-4BBBBED04FEB}"
EndProject
Project("{FAE04EC0-301F-11D3-BF4B-00C04F79EFBC}") = "ReportControls", "..\ReportControls\ReportControls\ReportControls.csproj", "{E1A07FB2-A2A8-448E-94FF-40F0A715379A}"
EndProject
Project("{FAE04EC0-301F-11D3-BF4B-00C04F79EFBC}") = "SOURCE_FORM_REPORT_RETAIL", "..\SOURCE_FORM_DMAREA\SOURCE_FORM_DMAREA\SOURCE_FORM_REPORT_RETAIL.csproj", "{2F42EB4F-C6EE-457C-B6C0-197715CD6C8D}"
EndProject
Project("{FAE04EC0-301F-11D3-BF4B-00C04F79EFBC}") = "SOURCE_FORM_PURCHASE", "..\SOURCE_FORM\SOURCE_FORM\SOURCE_FORM_PURCHASE.csproj", "{4677D0C2-FBDA-4662-B6BF-FFA0CF3E5A40}"
EndProject
Project("{FAE04EC0-301F-11D3-BF4B-00C04F79EFBC}") = "SOURCE_FORM_EXPORT", "..\SOURCE_FORM_EXPORT\SOURCE_FORM_EXPORT\SOURCE_FORM_EXPORT.csproj", "{9037683B-E16C-48D7-8A53-0EE966FEDBCD}"
EndProject
Project("{FAE04EC0-301F-11D3-BF4B-00C04F79EFBC}") = "SOURCE_FORM_INVENTORY", "..\SOURCE_FORM_INVENTORY\SOURCE_FORM_INVENTORY\SOURCE_FORM_INVENTORY.csproj", "{71789429-066C-41AE-8A29-E0A011865FF4}"
EndProject
Project("{FAE04EC0-301F-11D3-BF4B-00C04F79EFBC}") = "SOURCE_FORM_RETAIL", "..\SOURCE_FORM_RETAIL\SOURCE_FORM_RETAIL\SOURCE_FORM_RETAIL.csproj", "{D58BF07E-BEDE-4859-B82E-022A20E37B45}"
EndProject
Project("{54435603-DBB4-11D2-8724-00A0C9A8B90C}") = "OISHI_SETUP", "OISHI_SETUP\OISHI_SETUP.vdproj", "{DEA4D769-D946-4E6F-8789-EC75E4C0212C}"
EndProject
Project("{FAE04EC0-301F-11D3-BF4B-00C04F79EFBC}") = "SOURCE_FORM_TRACE", "..\SOURCE_FORM_TRACE\SOURCE_FORM_TRACE\SOURCE_FORM_TRACE.csproj", "{EEF1ED83-9CFE-4EAB-87AE-152FFBEF8A30}"
EndProject
Project("{FAE04EC0-301F-11D3-BF4B-00C04F79EFBC}") = "SOURCE_FORM_PROMOTION", "..\PROMOTION\PROMOTION\SOURCE_FORM_PROMOTION.csproj", "{7133FA17-134C-49AC-A301-E0C6D27047E5}"
EndProject
Project("{FAE04EC0-301F-11D3-BF4B-00C04F79EFBC}") = "SOURCE_FORM", "..\SOURCE_FORM_GRANT\SOURCE_FORM_GRANT\SOURCE_FORM.csproj", "{650AA178-0AB1-4537-9451-5905C4F4E690}"
EndProject
Global
	GlobalSection(SolutionConfigurationPlatforms) = preSolution
		Debug|Any CPU = Debug|Any CPU
		Debug|Mixed Platforms = Debug|Mixed Platforms
		Debug|x64 = Debug|x64
		Debug|x86 = Debug|x86
		Release|Any CPU = Release|Any CPU
		Release|Mixed Platforms = Release|Mixed Platforms
		Release|x64 = Release|x64
		Release|x86 = Release|x86
	EndGlobalSection
	GlobalSection(ProjectConfigurationPlatforms) = postSolution
		{E85184E8-1D0F-43F8-B108-3CCC5CF832A3}.Debug|Any CPU.ActiveCfg = Debug|Any CPU
		{E85184E8-1D0F-43F8-B108-3CCC5CF832A3}.Debug|Any CPU.Build.0 = Debug|Any CPU
		{E85184E8-1D0F-43F8-B108-3CCC5CF832A3}.Debug|Mixed Platforms.ActiveCfg = Debug|Any CPU
		{E85184E8-1D0F-43F8-B108-3CCC5CF832A3}.Debug|Mixed Platforms.Build.0 = Debug|Any CPU
		{E85184E8-1D0F-43F8-B108-3CCC5CF832A3}.Debug|x64.ActiveCfg = Debug|Any CPU
		{E85184E8-1D0F-43F8-B108-3CCC5CF832A3}.Debug|x64.Build.0 = Debug|Any CPU
		{E85184E8-1D0F-43F8-B108-3CCC5CF832A3}.Debug|x86.ActiveCfg = Debug|Any CPU
		{E85184E8-1D0F-43F8-B108-3CCC5CF832A3}.Release|Any CPU.ActiveCfg = Release|Any CPU
		{E85184E8-1D0F-43F8-B108-3CCC5CF832A3}.Release|Any CPU.Build.0 = Release|Any CPU
		{E85184E8-1D0F-43F8-B108-3CCC5CF832A3}.Release|Mixed Platforms.ActiveCfg = Release|Any CPU
		{E85184E8-1D0F-43F8-B108-3CCC5CF832A3}.Release|Mixed Platforms.Build.0 = Release|Any CPU
		{E85184E8-1D0F-43F8-B108-3CCC5CF832A3}.Release|x64.ActiveCfg = Release|Any CPU
		{E85184E8-1D0F-43F8-B108-3CCC5CF832A3}.Release|x86.ActiveCfg = Release|Any CPU
		{BFCD11FB-6032-4582-A4D5-679A61757134}.Debug|Any CPU.ActiveCfg = Debug|Any CPU
		{BFCD11FB-6032-4582-A4D5-679A61757134}.Debug|Any CPU.Build.0 = Debug|Any CPU
		{BFCD11FB-6032-4582-A4D5-679A61757134}.Debug|Mixed Platforms.ActiveCfg = Debug|Any CPU
		{BFCD11FB-6032-4582-A4D5-679A61757134}.Debug|Mixed Platforms.Build.0 = Debug|Any CPU
		{BFCD11FB-6032-4582-A4D5-679A61757134}.Debug|x64.ActiveCfg = Debug|Any CPU
		{BFCD11FB-6032-4582-A4D5-679A61757134}.Debug|x86.ActiveCfg = Debug|Any CPU
		{BFCD11FB-6032-4582-A4D5-679A61757134}.Release|Any CPU.ActiveCfg = Release|Any CPU
		{BFCD11FB-6032-4582-A4D5-679A61757134}.Release|Any CPU.Build.0 = Release|Any CPU
		{BFCD11FB-6032-4582-A4D5-679A61757134}.Release|Mixed Platforms.ActiveCfg = Release|Any CPU
		{BFCD11FB-6032-4582-A4D5-679A61757134}.Release|Mixed Platforms.Build.0 = Release|Any CPU
		{BFCD11FB-6032-4582-A4D5-679A61757134}.Release|x64.ActiveCfg = Release|Any CPU
		{BFCD11FB-6032-4582-A4D5-679A61757134}.Release|x86.ActiveCfg = Release|Any CPU
		{A39FCC7D-2A76-4462-BD45-47373F3C1862}.Debug|Any CPU.ActiveCfg = Debug|Any CPU
		{A39FCC7D-2A76-4462-BD45-47373F3C1862}.Debug|Any CPU.Build.0 = Debug|Any CPU
		{A39FCC7D-2A76-4462-BD45-47373F3C1862}.Debug|Mixed Platforms.ActiveCfg = Debug|Any CPU
		{A39FCC7D-2A76-4462-BD45-47373F3C1862}.Debug|Mixed Platforms.Build.0 = Debug|Any CPU
		{A39FCC7D-2A76-4462-BD45-47373F3C1862}.Debug|x64.ActiveCfg = Debug|Any CPU
		{A39FCC7D-2A76-4462-BD45-47373F3C1862}.Debug|x86.ActiveCfg = Debug|Any CPU
		{A39FCC7D-2A76-4462-BD45-47373F3C1862}.Release|Any CPU.ActiveCfg = Release|Any CPU
		{A39FCC7D-2A76-4462-BD45-47373F3C1862}.Release|Any CPU.Build.0 = Release|Any CPU
		{A39FCC7D-2A76-4462-BD45-47373F3C1862}.Release|Mixed Platforms.ActiveCfg = Release|Any CPU
		{A39FCC7D-2A76-4462-BD45-47373F3C1862}.Release|Mixed Platforms.Build.0 = Release|Any CPU
		{A39FCC7D-2A76-4462-BD45-47373F3C1862}.Release|x64.ActiveCfg = Release|Any CPU
		{A39FCC7D-2A76-4462-BD45-47373F3C1862}.Release|x86.ActiveCfg = Release|Any CPU
		{7B7D3D1A-2330-48FE-9FC0-9D02B44B41EE}.Debug|Any CPU.ActiveCfg = Debug|Any CPU
		{7B7D3D1A-2330-48FE-9FC0-9D02B44B41EE}.Debug|Any CPU.Build.0 = Debug|Any CPU
		{7B7D3D1A-2330-48FE-9FC0-9D02B44B41EE}.Debug|Mixed Platforms.ActiveCfg = Debug|Any CPU
		{7B7D3D1A-2330-48FE-9FC0-9D02B44B41EE}.Debug|Mixed Platforms.Build.0 = Debug|Any CPU
		{7B7D3D1A-2330-48FE-9FC0-9D02B44B41EE}.Debug|x64.ActiveCfg = Debug|Any CPU
		{7B7D3D1A-2330-48FE-9FC0-9D02B44B41EE}.Debug|x86.ActiveCfg = Debug|Any CPU
		{7B7D3D1A-2330-48FE-9FC0-9D02B44B41EE}.Release|Any CPU.ActiveCfg = Release|Any CPU
		{7B7D3D1A-2330-48FE-9FC0-9D02B44B41EE}.Release|Any CPU.Build.0 = Release|Any CPU
		{7B7D3D1A-2330-48FE-9FC0-9D02B44B41EE}.Release|Mixed Platforms.ActiveCfg = Release|Any CPU
		{7B7D3D1A-2330-48FE-9FC0-9D02B44B41EE}.Release|Mixed Platforms.Build.0 = Release|Any CPU
		{7B7D3D1A-2330-48FE-9FC0-9D02B44B41EE}.Release|x64.ActiveCfg = Release|Any CPU
		{7B7D3D1A-2330-48FE-9FC0-9D02B44B41EE}.Release|x86.ActiveCfg = Release|Any CPU
		{C32FE0AF-401D-4608-A2E6-2A603617C62E}.Debug|Any CPU.ActiveCfg = Debug|Any CPU
		{C32FE0AF-401D-4608-A2E6-2A603617C62E}.Debug|Any CPU.Build.0 = Debug|Any CPU
		{C32FE0AF-401D-4608-A2E6-2A603617C62E}.Debug|Mixed Platforms.ActiveCfg = Debug|Any CPU
		{C32FE0AF-401D-4608-A2E6-2A603617C62E}.Debug|Mixed Platforms.Build.0 = Debug|Any CPU
		{C32FE0AF-401D-4608-A2E6-2A603617C62E}.Debug|x64.ActiveCfg = Debug|Any CPU
		{C32FE0AF-401D-4608-A2E6-2A603617C62E}.Debug|x86.ActiveCfg = Debug|Any CPU
		{C32FE0AF-401D-4608-A2E6-2A603617C62E}.Release|Any CPU.ActiveCfg = Release|Any CPU
		{C32FE0AF-401D-4608-A2E6-2A603617C62E}.Release|Any CPU.Build.0 = Release|Any CPU
		{C32FE0AF-401D-4608-A2E6-2A603617C62E}.Release|Mixed Platforms.ActiveCfg = Release|Any CPU
		{C32FE0AF-401D-4608-A2E6-2A603617C62E}.Release|Mixed Platforms.Build.0 = Release|Any CPU
		{C32FE0AF-401D-4608-A2E6-2A603617C62E}.Release|x64.ActiveCfg = Release|Any CPU
		{C32FE0AF-401D-4608-A2E6-2A603617C62E}.Release|x86.ActiveCfg = Release|Any CPU
		{562116F7-8A38-4346-9919-DE0AF8AE47D5}.Debug|Any CPU.ActiveCfg = Debug|Any CPU
		{562116F7-8A38-4346-9919-DE0AF8AE47D5}.Debug|Any CPU.Build.0 = Debug|Any CPU
		{562116F7-8A38-4346-9919-DE0AF8AE47D5}.Debug|Mixed Platforms.ActiveCfg = Debug|Any CPU
		{562116F7-8A38-4346-9919-DE0AF8AE47D5}.Debug|Mixed Platforms.Build.0 = Debug|Any CPU
		{562116F7-8A38-4346-9919-DE0AF8AE47D5}.Debug|x64.ActiveCfg = Debug|Any CPU
		{562116F7-8A38-4346-9919-DE0AF8AE47D5}.Debug|x86.ActiveCfg = Debug|Any CPU
		{562116F7-8A38-4346-9919-DE0AF8AE47D5}.Release|Any CPU.ActiveCfg = Release|Any CPU
		{562116F7-8A38-4346-9919-DE0AF8AE47D5}.Release|Any CPU.Build.0 = Release|Any CPU
		{562116F7-8A38-4346-9919-DE0AF8AE47D5}.Release|Mixed Platforms.ActiveCfg = Release|Any CPU
		{562116F7-8A38-4346-9919-DE0AF8AE47D5}.Release|Mixed Platforms.Build.0 = Release|Any CPU
		{562116F7-8A38-4346-9919-DE0AF8AE47D5}.Release|x64.ActiveCfg = Release|Any CPU
		{562116F7-8A38-4346-9919-DE0AF8AE47D5}.Release|x86.ActiveCfg = Release|Any CPU
		{6D9282C7-6991-4D31-AA13-1DEC4ED67DF8}.Debug|Any CPU.ActiveCfg = Debug|x86
		{6D9282C7-6991-4D31-AA13-1DEC4ED67DF8}.Debug|Mixed Platforms.ActiveCfg = Debug|x86
		{6D9282C7-6991-4D31-AA13-1DEC4ED67DF8}.Debug|Mixed Platforms.Build.0 = Debug|x86
		{6D9282C7-6991-4D31-AA13-1DEC4ED67DF8}.Debug|x64.ActiveCfg = Debug|x86
		{6D9282C7-6991-4D31-AA13-1DEC4ED67DF8}.Debug|x86.ActiveCfg = Debug|x86
		{6D9282C7-6991-4D31-AA13-1DEC4ED67DF8}.Debug|x86.Build.0 = Debug|x86
		{6D9282C7-6991-4D31-AA13-1DEC4ED67DF8}.Release|Any CPU.ActiveCfg = Release|x86
		{6D9282C7-6991-4D31-AA13-1DEC4ED67DF8}.Release|Mixed Platforms.ActiveCfg = Release|x86
		{6D9282C7-6991-4D31-AA13-1DEC4ED67DF8}.Release|Mixed Platforms.Build.0 = Release|x86
		{6D9282C7-6991-4D31-AA13-1DEC4ED67DF8}.Release|x64.ActiveCfg = Release|x86
		{6D9282C7-6991-4D31-AA13-1DEC4ED67DF8}.Release|x86.ActiveCfg = Release|x86
		{6D9282C7-6991-4D31-AA13-1DEC4ED67DF8}.Release|x86.Build.0 = Release|x86
		{C9A6B542-470A-4638-9590-59B81C74B6B0}.Debug|Any CPU.ActiveCfg = Debug|x86
		{C9A6B542-470A-4638-9590-59B81C74B6B0}.Debug|Mixed Platforms.ActiveCfg = Debug|x86
		{C9A6B542-470A-4638-9590-59B81C74B6B0}.Debug|Mixed Platforms.Build.0 = Debug|x86
		{C9A6B542-470A-4638-9590-59B81C74B6B0}.Debug|x64.ActiveCfg = Debug|x86
		{C9A6B542-470A-4638-9590-59B81C74B6B0}.Debug|x86.ActiveCfg = Debug|x86
		{C9A6B542-470A-4638-9590-59B81C74B6B0}.Debug|x86.Build.0 = Debug|x86
		{C9A6B542-470A-4638-9590-59B81C74B6B0}.Release|Any CPU.ActiveCfg = Release|x86
		{C9A6B542-470A-4638-9590-59B81C74B6B0}.Release|Mixed Platforms.ActiveCfg = Release|x86
		{C9A6B542-470A-4638-9590-59B81C74B6B0}.Release|Mixed Platforms.Build.0 = Release|x86
		{C9A6B542-470A-4638-9590-59B81C74B6B0}.Release|x64.ActiveCfg = Release|x86
		{C9A6B542-470A-4638-9590-59B81C74B6B0}.Release|x86.ActiveCfg = Release|x86
		{C9A6B542-470A-4638-9590-59B81C74B6B0}.Release|x86.Build.0 = Release|x86
		{B4880C04-EA31-452F-AAB1-4BBBBED04FEB}.Debug|Any CPU.ActiveCfg = Debug|Any CPU
		{B4880C04-EA31-452F-AAB1-4BBBBED04FEB}.Debug|Any CPU.Build.0 = Debug|Any CPU
		{B4880C04-EA31-452F-AAB1-4BBBBED04FEB}.Debug|Mixed Platforms.ActiveCfg = Debug|Any CPU
		{B4880C04-EA31-452F-AAB1-4BBBBED04FEB}.Debug|Mixed Platforms.Build.0 = Debug|Any CPU
		{B4880C04-EA31-452F-AAB1-4BBBBED04FEB}.Debug|x64.ActiveCfg = Debug|Any CPU
		{B4880C04-EA31-452F-AAB1-4BBBBED04FEB}.Debug|x86.ActiveCfg = Debug|Any CPU
		{B4880C04-EA31-452F-AAB1-4BBBBED04FEB}.Release|Any CPU.ActiveCfg = Release|Any CPU
		{B4880C04-EA31-452F-AAB1-4BBBBED04FEB}.Release|Any CPU.Build.0 = Release|Any CPU
		{B4880C04-EA31-452F-AAB1-4BBBBED04FEB}.Release|Mixed Platforms.ActiveCfg = Release|Any CPU
		{B4880C04-EA31-452F-AAB1-4BBBBED04FEB}.Release|Mixed Platforms.Build.0 = Release|Any CPU
		{B4880C04-EA31-452F-AAB1-4BBBBED04FEB}.Release|x64.ActiveCfg = Release|Any CPU
		{B4880C04-EA31-452F-AAB1-4BBBBED04FEB}.Release|x86.ActiveCfg = Release|Any CPU
		{E1A07FB2-A2A8-448E-94FF-40F0A715379A}.Debug|Any CPU.ActiveCfg = Debug|Any CPU
		{E1A07FB2-A2A8-448E-94FF-40F0A715379A}.Debug|Any CPU.Build.0 = Debug|Any CPU
		{E1A07FB2-A2A8-448E-94FF-40F0A715379A}.Debug|Mixed Platforms.ActiveCfg = Debug|Any CPU
		{E1A07FB2-A2A8-448E-94FF-40F0A715379A}.Debug|Mixed Platforms.Build.0 = Debug|Any CPU
		{E1A07FB2-A2A8-448E-94FF-40F0A715379A}.Debug|x64.ActiveCfg = Debug|Any CPU
		{E1A07FB2-A2A8-448E-94FF-40F0A715379A}.Debug|x86.ActiveCfg = Debug|Any CPU
		{E1A07FB2-A2A8-448E-94FF-40F0A715379A}.Release|Any CPU.ActiveCfg = Release|Any CPU
		{E1A07FB2-A2A8-448E-94FF-40F0A715379A}.Release|Any CPU.Build.0 = Release|Any CPU
		{E1A07FB2-A2A8-448E-94FF-40F0A715379A}.Release|Mixed Platforms.ActiveCfg = Release|Any CPU
		{E1A07FB2-A2A8-448E-94FF-40F0A715379A}.Release|Mixed Platforms.Build.0 = Release|Any CPU
		{E1A07FB2-A2A8-448E-94FF-40F0A715379A}.Release|x64.ActiveCfg = Release|Any CPU
		{E1A07FB2-A2A8-448E-94FF-40F0A715379A}.Release|x86.ActiveCfg = Release|Any CPU
		{2F42EB4F-C6EE-457C-B6C0-197715CD6C8D}.Debug|Any CPU.ActiveCfg = Debug|Any CPU
		{2F42EB4F-C6EE-457C-B6C0-197715CD6C8D}.Debug|Any CPU.Build.0 = Debug|Any CPU
		{2F42EB4F-C6EE-457C-B6C0-197715CD6C8D}.Debug|Mixed Platforms.ActiveCfg = Debug|Any CPU
		{2F42EB4F-C6EE-457C-B6C0-197715CD6C8D}.Debug|Mixed Platforms.Build.0 = Debug|Any CPU
		{2F42EB4F-C6EE-457C-B6C0-197715CD6C8D}.Debug|x64.ActiveCfg = Debug|Any CPU
		{2F42EB4F-C6EE-457C-B6C0-197715CD6C8D}.Debug|x86.ActiveCfg = Debug|Any CPU
		{2F42EB4F-C6EE-457C-B6C0-197715CD6C8D}.Release|Any CPU.ActiveCfg = Release|Any CPU
		{2F42EB4F-C6EE-457C-B6C0-197715CD6C8D}.Release|Any CPU.Build.0 = Release|Any CPU
		{2F42EB4F-C6EE-457C-B6C0-197715CD6C8D}.Release|Mixed Platforms.ActiveCfg = Release|Any CPU
		{2F42EB4F-C6EE-457C-B6C0-197715CD6C8D}.Release|Mixed Platforms.Build.0 = Release|Any CPU
		{2F42EB4F-C6EE-457C-B6C0-197715CD6C8D}.Release|x64.ActiveCfg = Release|Any CPU
		{2F42EB4F-C6EE-457C-B6C0-197715CD6C8D}.Release|x86.ActiveCfg = Release|Any CPU
		{4677D0C2-FBDA-4662-B6BF-FFA0CF3E5A40}.Debug|Any CPU.ActiveCfg = Debug|Any CPU
		{4677D0C2-FBDA-4662-B6BF-FFA0CF3E5A40}.Debug|Any CPU.Build.0 = Debug|Any CPU
		{4677D0C2-FBDA-4662-B6BF-FFA0CF3E5A40}.Debug|Mixed Platforms.ActiveCfg = Debug|Any CPU
		{4677D0C2-FBDA-4662-B6BF-FFA0CF3E5A40}.Debug|Mixed Platforms.Build.0 = Debug|Any CPU
		{4677D0C2-FBDA-4662-B6BF-FFA0CF3E5A40}.Debug|x64.ActiveCfg = Debug|Any CPU
		{4677D0C2-FBDA-4662-B6BF-FFA0CF3E5A40}.Debug|x86.ActiveCfg = Debug|Any CPU
		{4677D0C2-FBDA-4662-B6BF-FFA0CF3E5A40}.Release|Any CPU.ActiveCfg = Release|Any CPU
		{4677D0C2-FBDA-4662-B6BF-FFA0CF3E5A40}.Release|Any CPU.Build.0 = Release|Any CPU
		{4677D0C2-FBDA-4662-B6BF-FFA0CF3E5A40}.Release|Mixed Platforms.ActiveCfg = Release|Any CPU
		{4677D0C2-FBDA-4662-B6BF-FFA0CF3E5A40}.Release|Mixed Platforms.Build.0 = Release|Any CPU
		{4677D0C2-FBDA-4662-B6BF-FFA0CF3E5A40}.Release|x64.ActiveCfg = Release|Any CPU
		{4677D0C2-FBDA-4662-B6BF-FFA0CF3E5A40}.Release|x86.ActiveCfg = Release|Any CPU
		{9037683B-E16C-48D7-8A53-0EE966FEDBCD}.Debug|Any CPU.ActiveCfg = Debug|Any CPU
		{9037683B-E16C-48D7-8A53-0EE966FEDBCD}.Debug|Any CPU.Build.0 = Debug|Any CPU
		{9037683B-E16C-48D7-8A53-0EE966FEDBCD}.Debug|Mixed Platforms.ActiveCfg = Debug|Any CPU
		{9037683B-E16C-48D7-8A53-0EE966FEDBCD}.Debug|Mixed Platforms.Build.0 = Debug|Any CPU
		{9037683B-E16C-48D7-8A53-0EE966FEDBCD}.Debug|x64.ActiveCfg = Debug|Any CPU
		{9037683B-E16C-48D7-8A53-0EE966FEDBCD}.Debug|x86.ActiveCfg = Debug|Any CPU
		{9037683B-E16C-48D7-8A53-0EE966FEDBCD}.Release|Any CPU.ActiveCfg = Release|Any CPU
		{9037683B-E16C-48D7-8A53-0EE966FEDBCD}.Release|Any CPU.Build.0 = Release|Any CPU
		{9037683B-E16C-48D7-8A53-0EE966FEDBCD}.Release|Mixed Platforms.ActiveCfg = Release|Any CPU
		{9037683B-E16C-48D7-8A53-0EE966FEDBCD}.Release|Mixed Platforms.Build.0 = Release|Any CPU
		{9037683B-E16C-48D7-8A53-0EE966FEDBCD}.Release|x64.ActiveCfg = Release|Any CPU
		{9037683B-E16C-48D7-8A53-0EE966FEDBCD}.Release|x86.ActiveCfg = Release|Any CPU
		{71789429-066C-41AE-8A29-E0A011865FF4}.Debug|Any CPU.ActiveCfg = Debug|Any CPU
		{71789429-066C-41AE-8A29-E0A011865FF4}.Debug|Any CPU.Build.0 = Debug|Any CPU
		{71789429-066C-41AE-8A29-E0A011865FF4}.Debug|Mixed Platforms.ActiveCfg = Debug|Any CPU
		{71789429-066C-41AE-8A29-E0A011865FF4}.Debug|Mixed Platforms.Build.0 = Debug|Any CPU
		{71789429-066C-41AE-8A29-E0A011865FF4}.Debug|x64.ActiveCfg = Debug|Any CPU
		{71789429-066C-41AE-8A29-E0A011865FF4}.Debug|x86.ActiveCfg = Debug|Any CPU
		{71789429-066C-41AE-8A29-E0A011865FF4}.Release|Any CPU.ActiveCfg = Release|Any CPU
		{71789429-066C-41AE-8A29-E0A011865FF4}.Release|Any CPU.Build.0 = Release|Any CPU
		{71789429-066C-41AE-8A29-E0A011865FF4}.Release|Mixed Platforms.ActiveCfg = Release|Any CPU
		{71789429-066C-41AE-8A29-E0A011865FF4}.Release|Mixed Platforms.Build.0 = Release|Any CPU
		{71789429-066C-41AE-8A29-E0A011865FF4}.Release|x64.ActiveCfg = Release|Any CPU
		{71789429-066C-41AE-8A29-E0A011865FF4}.Release|x86.ActiveCfg = Release|Any CPU
		{D58BF07E-BEDE-4859-B82E-022A20E37B45}.Debug|Any CPU.ActiveCfg = Debug|Any CPU
		{D58BF07E-BEDE-4859-B82E-022A20E37B45}.Debug|Any CPU.Build.0 = Debug|Any CPU
		{D58BF07E-BEDE-4859-B82E-022A20E37B45}.Debug|Mixed Platforms.ActiveCfg = Debug|Any CPU
		{D58BF07E-BEDE-4859-B82E-022A20E37B45}.Debug|Mixed Platforms.Build.0 = Debug|Any CPU
		{D58BF07E-BEDE-4859-B82E-022A20E37B45}.Debug|x64.ActiveCfg = Debug|Any CPU
		{D58BF07E-BEDE-4859-B82E-022A20E37B45}.Debug|x86.ActiveCfg = Debug|Any CPU
		{D58BF07E-BEDE-4859-B82E-022A20E37B45}.Release|Any CPU.ActiveCfg = Release|Any CPU
		{D58BF07E-BEDE-4859-B82E-022A20E37B45}.Release|Any CPU.Build.0 = Release|Any CPU
		{D58BF07E-BEDE-4859-B82E-022A20E37B45}.Release|Mixed Platforms.ActiveCfg = Release|Any CPU
		{D58BF07E-BEDE-4859-B82E-022A20E37B45}.Release|Mixed Platforms.Build.0 = Release|Any CPU
		{D58BF07E-BEDE-4859-B82E-022A20E37B45}.Release|x64.ActiveCfg = Release|Any CPU
		{D58BF07E-BEDE-4859-B82E-022A20E37B45}.Release|x86.ActiveCfg = Release|Any CPU
		{DEA4D769-D946-4E6F-8789-EC75E4C0212C}.Debug|Any CPU.ActiveCfg = Debug
		{DEA4D769-D946-4E6F-8789-EC75E4C0212C}.Debug|Mixed Platforms.ActiveCfg = Debug
		{DEA4D769-D946-4E6F-8789-EC75E4C0212C}.Debug|x64.ActiveCfg = Debug
		{DEA4D769-D946-4E6F-8789-EC75E4C0212C}.Debug|x86.ActiveCfg = Debug
		{DEA4D769-D946-4E6F-8789-EC75E4C0212C}.Release|Any CPU.ActiveCfg = Release
		{DEA4D769-D946-4E6F-8789-EC75E4C0212C}.Release|Mixed Platforms.ActiveCfg = Release
		{DEA4D769-D946-4E6F-8789-EC75E4C0212C}.Release|x64.ActiveCfg = Release
		{DEA4D769-D946-4E6F-8789-EC75E4C0212C}.Release|x86.ActiveCfg = Release
		{EEF1ED83-9CFE-4EAB-87AE-152FFBEF8A30}.Debug|Any CPU.ActiveCfg = Debug|Any CPU
		{EEF1ED83-9CFE-4EAB-87AE-152FFBEF8A30}.Debug|Any CPU.Build.0 = Debug|Any CPU
		{EEF1ED83-9CFE-4EAB-87AE-152FFBEF8A30}.Debug|Mixed Platforms.ActiveCfg = Debug|Any CPU
		{EEF1ED83-9CFE-4EAB-87AE-152FFBEF8A30}.Debug|Mixed Platforms.Build.0 = Debug|Any CPU
		{EEF1ED83-9CFE-4EAB-87AE-152FFBEF8A30}.Debug|x64.ActiveCfg = Debug|Any CPU
		{EEF1ED83-9CFE-4EAB-87AE-152FFBEF8A30}.Debug|x86.ActiveCfg = Debug|Any CPU
		{EEF1ED83-9CFE-4EAB-87AE-152FFBEF8A30}.Release|Any CPU.ActiveCfg = Release|Any CPU
		{EEF1ED83-9CFE-4EAB-87AE-152FFBEF8A30}.Release|Any CPU.Build.0 = Release|Any CPU
		{EEF1ED83-9CFE-4EAB-87AE-152FFBEF8A30}.Release|Mixed Platforms.ActiveCfg = Release|Any CPU
		{EEF1ED83-9CFE-4EAB-87AE-152FFBEF8A30}.Release|Mixed Platforms.Build.0 = Release|Any CPU
		{EEF1ED83-9CFE-4EAB-87AE-152FFBEF8A30}.Release|x64.ActiveCfg = Release|Any CPU
		{EEF1ED83-9CFE-4EAB-87AE-152FFBEF8A30}.Release|x86.ActiveCfg = Release|Any CPU
		{7133FA17-134C-49AC-A301-E0C6D27047E5}.Debug|Any CPU.ActiveCfg = Debug|Any CPU
		{7133FA17-134C-49AC-A301-E0C6D27047E5}.Debug|Any CPU.Build.0 = Debug|Any CPU
		{7133FA17-134C-49AC-A301-E0C6D27047E5}.Debug|Mixed Platforms.ActiveCfg = Debug|Any CPU
		{7133FA17-134C-49AC-A301-E0C6D27047E5}.Debug|Mixed Platforms.Build.0 = Debug|Any CPU
		{7133FA17-134C-49AC-A301-E0C6D27047E5}.Debug|x64.ActiveCfg = Debug|Any CPU
		{7133FA17-134C-49AC-A301-E0C6D27047E5}.Debug|x86.ActiveCfg = Debug|Any CPU
		{7133FA17-134C-49AC-A301-E0C6D27047E5}.Release|Any CPU.ActiveCfg = Release|Any CPU
		{7133FA17-134C-49AC-A301-E0C6D27047E5}.Release|Any CPU.Build.0 = Release|Any CPU
		{7133FA17-134C-49AC-A301-E0C6D27047E5}.Release|Mixed Platforms.ActiveCfg = Release|Any CPU
		{7133FA17-134C-49AC-A301-E0C6D27047E5}.Release|Mixed Platforms.Build.0 = Release|Any CPU
		{7133FA17-134C-49AC-A301-E0C6D27047E5}.Release|x64.ActiveCfg = Release|Any CPU
		{7133FA17-134C-49AC-A301-E0C6D27047E5}.Release|x86.ActiveCfg = Release|Any CPU
		{650AA178-0AB1-4537-9451-5905C4F4E690}.Debug|Any CPU.ActiveCfg = Debug|Any CPU
		{650AA178-0AB1-4537-9451-5905C4F4E690}.Debug|Any CPU.Build.0 = Debug|Any CPU
		{650AA178-0AB1-4537-9451-5905C4F4E690}.Debug|Mixed Platforms.ActiveCfg = Debug|Any CPU
		{650AA178-0AB1-4537-9451-5905C4F4E690}.Debug|Mixed Platforms.Build.0 = Debug|Any CPU
		{650AA178-0AB1-4537-9451-5905C4F4E690}.Debug|x64.ActiveCfg = Debug|Any CPU
		{650AA178-0AB1-4537-9451-5905C4F4E690}.Debug|x86.ActiveCfg = Debug|Any CPU
		{650AA178-0AB1-4537-9451-5905C4F4E690}.Release|Any CPU.ActiveCfg = Release|Any CPU
		{650AA178-0AB1-4537-9451-5905C4F4E690}.Release|Any CPU.Build.0 = Release|Any CPU
		{650AA178-0AB1-4537-9451-5905C4F4E690}.Release|Mixed Platforms.ActiveCfg = Release|Any CPU
		{650AA178-0AB1-4537-9451-5905C4F4E690}.Release|Mixed Platforms.Build.0 = Release|Any CPU
		{650AA178-0AB1-4537-9451-5905C4F4E690}.Release|x64.ActiveCfg = Release|Any CPU
		{650AA178-0AB1-4537-9451-5905C4F4E690}.Release|x86.ActiveCfg = Release|Any CPU
	EndGlobalSection
	GlobalSection(SolutionProperties) = preSolution
		HideSolutionNode = FALSE
	EndGlobalSection
EndGlobal
