
Microsoft Visual Studio Solution File, Format Version 11.00
# Visual Studio 2010
Project("{FAE04EC0-301F-11D3-BF4B-00C04F79EFBC}") = "SOURCE_FORM_QUOTATION", "SOURCE_FORM_QUOTATION.csproj", "{C0A88420-C8F5-4E09-B514-1D29D2730233}"
EndProject
Project("{FAE04EC0-301F-11D3-BF4B-00C04F79EFBC}") = "SOURCE_FORM_CRM", "..\..\SOURCE_FORM_CRM\SOURCE_FORM_CRM\SOURCE_FORM_CRM.csproj", "{A12B05CD-C36C-4484-9E19-59D54B4B11E2}"
EndProject
Project("{FAE04EC0-301F-11D3-BF4B-00C04F79EFBC}") = "SOURCE_FORM_DMCOMMODITY", "..\..\SOURCE_FORM_DMCOMMODITY\SOURCE_FORM_DMCOMMODITY\SOURCE_FORM_DMCOMMODITY.csproj", "{8DF4CE5A-4390-4A0A-88CB-1E33B1303F5D}"
EndProject
Project("{FAE04EC0-301F-11D3-BF4B-00C04F79EFBC}") = "SOURCE_FORM_TIENDODONHANG", "..\..\SOURCE_FORM_TIENDODONHANG\SOURCE_FORM_TIENDODONHANG\SOURCE_FORM_TIENDODONHANG.csproj", "{885DD751-9B58-4D44-BA5D-7657A3F43624}"
EndProject
Project("{FAE04EC0-301F-11D3-BF4B-00C04F79EFBC}") = "SOURCE_FORM", "..\..\SOURCE_FORM_GRANT\SOURCE_FORM_GRANT\SOURCE_FORM.csproj", "{650AA178-0AB1-4537-9451-5905C4F4E690}"
EndProject
Project("{FAE04EC0-301F-11D3-BF4B-00C04F79EFBC}") = "SOURCE_FORM_DEVICEFORRENT", "..\..\SOURCE_FORM_DEVICEFORRENT\SOURCE_FORM_DEVICEFORRENT\SOURCE_FORM_DEVICEFORRENT.csproj", "{85647F45-6BF8-4604-BEF2-19F78B4E5EFF}"
EndProject
Project("{FAE04EC0-301F-11D3-BF4B-00C04F79EFBC}") = "Function", "..\..\Function\Function\Function.csproj", "{C32FE0AF-401D-4608-A2E6-2A603617C62E}"
EndProject
Project("{FAE04EC0-301F-11D3-BF4B-00C04F79EFBC}") = "LoyalHRM", "..\..\SystemMain version 1.2.4 - CRM\LoyalHRM\LoyalHRM.csproj", "{E85184E8-1D0F-43F8-B108-3CCC5CF832A3}"
EndProject
Global
	GlobalSection(SolutionConfigurationPlatforms) = preSolution
		Debug|Any CPU = Debug|Any CPU
		Release|Any CPU = Release|Any CPU
	EndGlobalSection
	GlobalSection(ProjectConfigurationPlatforms) = postSolution
		{C0A88420-C8F5-4E09-B514-1D29D2730233}.Debug|Any CPU.ActiveCfg = Debug|Any CPU
		{C0A88420-C8F5-4E09-B514-1D29D2730233}.Debug|Any CPU.Build.0 = Debug|Any CPU
		{C0A88420-C8F5-4E09-B514-1D29D2730233}.Release|Any CPU.ActiveCfg = Release|Any CPU
		{C0A88420-C8F5-4E09-B514-1D29D2730233}.Release|Any CPU.Build.0 = Release|Any CPU
		{A12B05CD-C36C-4484-9E19-59D54B4B11E2}.Debug|Any CPU.ActiveCfg = Debug|Any CPU
		{A12B05CD-C36C-4484-9E19-59D54B4B11E2}.Debug|Any CPU.Build.0 = Debug|Any CPU
		{A12B05CD-C36C-4484-9E19-59D54B4B11E2}.Release|Any CPU.ActiveCfg = Release|Any CPU
		{A12B05CD-C36C-4484-9E19-59D54B4B11E2}.Release|Any CPU.Build.0 = Release|Any CPU
		{8DF4CE5A-4390-4A0A-88CB-1E33B1303F5D}.Debug|Any CPU.ActiveCfg = Debug|Any CPU
		{8DF4CE5A-4390-4A0A-88CB-1E33B1303F5D}.Debug|Any CPU.Build.0 = Debug|Any CPU
		{8DF4CE5A-4390-4A0A-88CB-1E33B1303F5D}.Release|Any CPU.ActiveCfg = Release|Any CPU
		{8DF4CE5A-4390-4A0A-88CB-1E33B1303F5D}.Release|Any CPU.Build.0 = Release|Any CPU
		{885DD751-9B58-4D44-BA5D-7657A3F43624}.Debug|Any CPU.ActiveCfg = Debug|Any CPU
		{885DD751-9B58-4D44-BA5D-7657A3F43624}.Debug|Any CPU.Build.0 = Debug|Any CPU
		{885DD751-9B58-4D44-BA5D-7657A3F43624}.Release|Any CPU.ActiveCfg = Release|Any CPU
		{885DD751-9B58-4D44-BA5D-7657A3F43624}.Release|Any CPU.Build.0 = Release|Any CPU
		{650AA178-0AB1-4537-9451-5905C4F4E690}.Debug|Any CPU.ActiveCfg = Debug|Any CPU
		{650AA178-0AB1-4537-9451-5905C4F4E690}.Debug|Any CPU.Build.0 = Debug|Any CPU
		{650AA178-0AB1-4537-9451-5905C4F4E690}.Release|Any CPU.ActiveCfg = Release|Any CPU
		{650AA178-0AB1-4537-9451-5905C4F4E690}.Release|Any CPU.Build.0 = Release|Any CPU
		{85647F45-6BF8-4604-BEF2-19F78B4E5EFF}.Debug|Any CPU.ActiveCfg = Debug|Any CPU
		{85647F45-6BF8-4604-BEF2-19F78B4E5EFF}.Debug|Any CPU.Build.0 = Debug|Any CPU
		{85647F45-6BF8-4604-BEF2-19F78B4E5EFF}.Release|Any CPU.ActiveCfg = Release|Any CPU
		{85647F45-6BF8-4604-BEF2-19F78B4E5EFF}.Release|Any CPU.Build.0 = Release|Any CPU
		{C32FE0AF-401D-4608-A2E6-2A603617C62E}.Debug|Any CPU.ActiveCfg = Debug|Any CPU
		{C32FE0AF-401D-4608-A2E6-2A603617C62E}.Debug|Any CPU.Build.0 = Debug|Any CPU
		{C32FE0AF-401D-4608-A2E6-2A603617C62E}.Release|Any CPU.ActiveCfg = Release|Any CPU
		{C32FE0AF-401D-4608-A2E6-2A603617C62E}.Release|Any CPU.Build.0 = Release|Any CPU
		{E85184E8-1D0F-43F8-B108-3CCC5CF832A3}.Debug|Any CPU.ActiveCfg = Debug|Any CPU
		{E85184E8-1D0F-43F8-B108-3CCC5CF832A3}.Debug|Any CPU.Build.0 = Debug|Any CPU
		{E85184E8-1D0F-43F8-B108-3CCC5CF832A3}.Release|Any CPU.ActiveCfg = Release|Any CPU
		{E85184E8-1D0F-43F8-B108-3CCC5CF832A3}.Release|Any CPU.Build.0 = Release|Any CPU
	EndGlobalSection
	GlobalSection(SolutionProperties) = preSolution
		HideSolutionNode = FALSE
	EndGlobalSection
EndGlobal
