
Microsoft Visual Studio Solution File, Format Version 11.00
# Visual Studio 2010
Project("{FAE04EC0-301F-11D3-BF4B-00C04F79EFBC}") = "SOURCE_FORM_DMUNIT", "SOURCE_FORM_DMUNIT.csproj", "{B8609276-34E4-4BC2-825A-10231B18F39F}"
EndProject
Global
	GlobalSection(SolutionConfigurationPlatforms) = preSolution
		Debug|Any CPU = Debug|Any CPU
		Release|Any CPU = Release|Any CPU
	EndGlobalSection
	GlobalSection(ProjectConfigurationPlatforms) = postSolution
		{B8609276-34E4-4BC2-825A-10231B18F39F}.Debug|Any CPU.ActiveCfg = Debug|Any CPU
		{B8609276-34E4-4BC2-825A-10231B18F39F}.Debug|Any CPU.Build.0 = Debug|Any CPU
		{B8609276-34E4-4BC2-825A-10231B18F39F}.Release|Any CPU.ActiveCfg = Release|Any CPU
		{B8609276-34E4-4BC2-825A-10231B18F39F}.Release|Any CPU.Build.0 = Release|Any CPU
	EndGlobalSection
	GlobalSection(SolutionProperties) = preSolution
		HideSolutionNode = FALSE
	EndGlobalSection
EndGlobal
