
Microsoft Visual Studio Solution File, Format Version 11.00
# Visual Studio 2010
Project("{FAE04EC0-301F-11D3-BF4B-00C04F79EFBC}") = "SOURCE_FORM_DMLOAIBAOTRI", "SOURCE_FORM_DMLOAIBAOTRI.csproj", "{DCF0AF6D-ECD4-4CEE-9A66-2EF915923357}"
EndProject
Global
	GlobalSection(SolutionConfigurationPlatforms) = preSolution
		Debug|Any CPU = Debug|Any CPU
		Release|Any CPU = Release|Any CPU
	EndGlobalSection
	GlobalSection(ProjectConfigurationPlatforms) = postSolution
		{DCF0AF6D-ECD4-4CEE-9A66-2EF915923357}.Debug|Any CPU.ActiveCfg = Debug|Any CPU
		{DCF0AF6D-ECD4-4CEE-9A66-2EF915923357}.Debug|Any CPU.Build.0 = Debug|Any CPU
		{DCF0AF6D-ECD4-4CEE-9A66-2EF915923357}.Release|Any CPU.ActiveCfg = Release|Any CPU
		{DCF0AF6D-ECD4-4CEE-9A66-2EF915923357}.Release|Any CPU.Build.0 = Release|Any CPU
	EndGlobalSection
	GlobalSection(SolutionProperties) = preSolution
		HideSolutionNode = FALSE
	EndGlobalSection
EndGlobal
