
Microsoft Visual Studio Solution File, Format Version 11.00
# Visual Studio 2010
Project("{FAE04EC0-301F-11D3-BF4B-00C04F79EFBC}") = "LoyalHRM", "LoyalHRM\LoyalHRM.csproj", "{E85184E8-1D0F-43F8-B108-3CCC5CF832A3}"
EndProject
Project("{FAE04EC0-301F-11D3-BF4B-00C04F79EFBC}") = "APCoreProcess", "..\APCoreProcess.cs\APCoreProcess.cs\APCoreProcess.csproj", "{BFCD11FB-6032-4582-A4D5-679A61757134}"
EndProject
Project("{FAE04EC0-301F-11D3-BF4B-00C04F79EFBC}") = "ControlDev", "..\Controls\Controls\ControlDev.csproj", "{A39FCC7D-2A76-4462-BD45-47373F3C1862}"
EndProject
Project("{FAE04EC0-301F-11D3-BF4B-00C04F79EFBC}") = "Data", "..\Data\Data\Data.csproj", "{7B7D3D1A-2330-48FE-9FC0-9D02B44B41EE}"
EndProject
Project("{FAE04EC0-301F-11D3-BF4B-00C04F79EFBC}") = "Function", "..\Function\Function\Function.csproj", "{C32FE0AF-401D-4608-A2E6-2A603617C62E}"
EndProject
Project("{FAE04EC0-301F-11D3-BF4B-00C04F79EFBC}") = "Security", "..\Security\Security\Security.csproj", "{562116F7-8A38-4346-9919-DE0AF8AE47D5}"
EndProject
Project("{FAE04EC0-301F-11D3-BF4B-00C04F79EFBC}") = "SOURCE_FORM_CRM", "..\SOURCE_FORM_CRM\SOURCE_FORM_CRM\SOURCE_FORM_CRM.csproj", "{A12B05CD-C36C-4484-9E19-59D54B4B11E2}"
EndProject
Project("{FAE04EC0-301F-11D3-BF4B-00C04F79EFBC}") = "SOURCE_FORM_QUOTATION", "..\SOURCE_FORM_QUOTATION\SOURCE_FORM_QUOTATION\SOURCE_FORM_QUOTATION.csproj", "{C0A88420-C8F5-4E09-B514-1D29D2730233}"
EndProject
Project("{FAE04EC0-301F-11D3-BF4B-00C04F79EFBC}") = "SOURCE_FORM_EMPLOYEES", "..\SOURCE_FORM_EMPLOYEES\SOURCE_FORM_EMPLOYEES\SOURCE_FORM_EMPLOYEES.csproj", "{F50845E9-F4B1-4999-B9A0-75BB9DE595FD}"
EndProject
Project("{FAE04EC0-301F-11D3-BF4B-00C04F79EFBC}") = "SOURCE_FORM_DMCUSTOMER", "..\SOURCE_FORM_DMCUSTOMER\SOURCE_FORM_DMCUSTOMER\SOURCE_FORM_DMCUSTOMER.csproj", "{B4880C04-EA31-452F-AAB1-4BBBBED04FEB}"
EndProject
Project("{FAE04EC0-301F-11D3-BF4B-00C04F79EFBC}") = "IMPORTEXCEL", "..\IMPORTEXCEL\IMPORTEXCEL.csproj", "{6D9282C7-6991-4D31-AA13-1DEC4ED67DF8}"
EndProject
Project("{FAE04EC0-301F-11D3-BF4B-00C04F79EFBC}") = "SOURCE_FORM", "..\SOURCE_FORM_GRANT\SOURCE_FORM_GRANT\SOURCE_FORM.csproj", "{650AA178-0AB1-4537-9451-5905C4F4E690}"
EndProject
Project("{FAE04EC0-301F-11D3-BF4B-00C04F79EFBC}") = "SOURCE_FORM_DMGROUPEMP", "..\SOURCE_FORM_DMGROUPEMP\SOURCE_FORM_DMGROUPEMP\SOURCE_FORM_DMGROUPEMP.csproj", "{75AC3681-B055-40E1-B664-B51132CC8AAA}"
EndProject
Project("{FAE04EC0-301F-11D3-BF4B-00C04F79EFBC}") = "SOURCE_FORM_DMCAMPAIGN", "..\SOURCE_FORM_DMCAMPAIGN\SOURCE_FORM_DMCAMPAIGN\SOURCE_FORM_DMCAMPAIGN.csproj", "{23446B98-1312-45BE-AAF0-B3CBE51B74DF}"
EndProject
Project("{FAE04EC0-301F-11D3-BF4B-00C04F79EFBC}") = "SOURCE_FORM_SETTINGPROBLEM", "..\SOURCE_FORM_SETTINGPROBLEM\SOURCE_FORM_SETTINGPROBLEM\SOURCE_FORM_SETTINGPROBLEM.csproj", "{07EF29F7-D4F3-4164-98D0-33271A2D68B3}"
EndProject
Project("{FAE04EC0-301F-11D3-BF4B-00C04F79EFBC}") = "SOURCE_FORM_DMBRAND", "..\SOURCE_FORM_DMBRAND\SOURCE_FORM_DMBRAND\SOURCE_FORM_DMBRAND.csproj", "{DCF0AF6D-ECD4-4CEE-9A66-2EF915923357}"
EndProject
Project("{FAE04EC0-301F-11D3-BF4B-00C04F79EFBC}") = "SOURCE_FORM_DMPOTYPE", "..\SOURCE_FORM_DMPOTYPE\SOURCE_FORM_DMPOTYPE\SOURCE_FORM_DMPOTYPE.csproj", "{2F42EB4F-C6EE-457C-B6C0-197715CD6C8D}"
EndProject
Project("{FAE04EC0-301F-11D3-BF4B-00C04F79EFBC}") = "SOURCE_FORM_DMCOMMODITY", "..\SOURCE_FORM_DMCOMMODITY\SOURCE_FORM_DMCOMMODITY\SOURCE_FORM_DMCOMMODITY.csproj", "{8DF4CE5A-4390-4A0A-88CB-1E33B1303F5D}"
EndProject
Project("{FAE04EC0-301F-11D3-BF4B-00C04F79EFBC}") = "SOURCE_FORM_DEVICEFORRENT", "..\SOURCE_FORM_DEVICEFORRENT\SOURCE_FORM_DEVICEFORRENT\SOURCE_FORM_DEVICEFORRENT.csproj", "{85647F45-6BF8-4604-BEF2-19F78B4E5EFF}"
EndProject
Project("{FAE04EC0-301F-11D3-BF4B-00C04F79EFBC}") = "SOURCE_FORM_TIENDODONHANG", "..\SOURCE_FORM_TIENDODONHANG\SOURCE_FORM_TIENDODONHANG\SOURCE_FORM_TIENDODONHANG.csproj", "{885DD751-9B58-4D44-BA5D-7657A3F43624}"
EndProject
Project("{FAE04EC0-301F-11D3-BF4B-00C04F79EFBC}") = "SOURCE_FORM_DMLOAIBAOTRI", "..\SOURCE_FORM_DMLOAIBAOTRI\SOURCE_FORM_DMLOAIBAOTRI\SOURCE_FORM_DMLOAIBAOTRI.csproj", "{16784296-98B1-4011-9EDB-49E2CBC1D1F3}"
EndProject
Project("{FAE04EC0-301F-11D3-BF4B-00C04F79EFBC}") = "SOURCE_FORM_DMBAOHANH", "..\SOURCE_FORM_DMBAOHANH\SOURCE_FORM_DMBAOHANH\SOURCE_FORM_DMBAOHANH.csproj", "{E700BAF2-9E4F-4E39-8BA4-2E1682DC78A3}"
EndProject
Global
	GlobalSection(SolutionConfigurationPlatforms) = preSolution
		Debug|Any CPU = Debug|Any CPU
		Debug|Mixed Platforms = Debug|Mixed Platforms
		Debug|x64 = Debug|x64
		Debug|x86 = Debug|x86
		Release|Any CPU = Release|Any CPU
		Release|Mixed Platforms = Release|Mixed Platforms
		Release|x64 = Release|x64
		Release|x86 = Release|x86
	EndGlobalSection
	GlobalSection(ProjectConfigurationPlatforms) = postSolution
		{E85184E8-1D0F-43F8-B108-3CCC5CF832A3}.Debug|Any CPU.ActiveCfg = Debug|Any CPU
		{E85184E8-1D0F-43F8-B108-3CCC5CF832A3}.Debug|Any CPU.Build.0 = Debug|Any CPU
		{E85184E8-1D0F-43F8-B108-3CCC5CF832A3}.Debug|Mixed Platforms.ActiveCfg = Debug|Any CPU
		{E85184E8-1D0F-43F8-B108-3CCC5CF832A3}.Debug|Mixed Platforms.Build.0 = Debug|Any CPU
		{E85184E8-1D0F-43F8-B108-3CCC5CF832A3}.Debug|x64.ActiveCfg = Debug|Any CPU
		{E85184E8-1D0F-43F8-B108-3CCC5CF832A3}.Debug|x64.Build.0 = Debug|Any CPU
		{E85184E8-1D0F-43F8-B108-3CCC5CF832A3}.Debug|x86.ActiveCfg = Debug|Any CPU
		{E85184E8-1D0F-43F8-B108-3CCC5CF832A3}.Release|Any CPU.ActiveCfg = Release|Any CPU
		{E85184E8-1D0F-43F8-B108-3CCC5CF832A3}.Release|Any CPU.Build.0 = Release|Any CPU
		{E85184E8-1D0F-43F8-B108-3CCC5CF832A3}.Release|Mixed Platforms.ActiveCfg = Release|Any CPU
		{E85184E8-1D0F-43F8-B108-3CCC5CF832A3}.Release|Mixed Platforms.Build.0 = Release|Any CPU
		{E85184E8-1D0F-43F8-B108-3CCC5CF832A3}.Release|x64.ActiveCfg = Release|Any CPU
		{E85184E8-1D0F-43F8-B108-3CCC5CF832A3}.Release|x86.ActiveCfg = Release|Any CPU
		{BFCD11FB-6032-4582-A4D5-679A61757134}.Debug|Any CPU.ActiveCfg = Debug|Any CPU
		{BFCD11FB-6032-4582-A4D5-679A61757134}.Debug|Any CPU.Build.0 = Debug|Any CPU
		{BFCD11FB-6032-4582-A4D5-679A61757134}.Debug|Mixed Platforms.ActiveCfg = Debug|Any CPU
		{BFCD11FB-6032-4582-A4D5-679A61757134}.Debug|Mixed Platforms.Build.0 = Debug|Any CPU
		{BFCD11FB-6032-4582-A4D5-679A61757134}.Debug|x64.ActiveCfg = Debug|Any CPU
		{BFCD11FB-6032-4582-A4D5-679A61757134}.Debug|x86.ActiveCfg = Debug|Any CPU
		{BFCD11FB-6032-4582-A4D5-679A61757134}.Release|Any CPU.ActiveCfg = Release|Any CPU
		{BFCD11FB-6032-4582-A4D5-679A61757134}.Release|Any CPU.Build.0 = Release|Any CPU
		{BFCD11FB-6032-4582-A4D5-679A61757134}.Release|Mixed Platforms.ActiveCfg = Release|Any CPU
		{BFCD11FB-6032-4582-A4D5-679A61757134}.Release|Mixed Platforms.Build.0 = Release|Any CPU
		{BFCD11FB-6032-4582-A4D5-679A61757134}.Release|x64.ActiveCfg = Release|Any CPU
		{BFCD11FB-6032-4582-A4D5-679A61757134}.Release|x86.ActiveCfg = Release|Any CPU
		{A39FCC7D-2A76-4462-BD45-47373F3C1862}.Debug|Any CPU.ActiveCfg = Debug|Any CPU
		{A39FCC7D-2A76-4462-BD45-47373F3C1862}.Debug|Any CPU.Build.0 = Debug|Any CPU
		{A39FCC7D-2A76-4462-BD45-47373F3C1862}.Debug|Mixed Platforms.ActiveCfg = Debug|Any CPU
		{A39FCC7D-2A76-4462-BD45-47373F3C1862}.Debug|Mixed Platforms.Build.0 = Debug|Any CPU
		{A39FCC7D-2A76-4462-BD45-47373F3C1862}.Debug|x64.ActiveCfg = Debug|Any CPU
		{A39FCC7D-2A76-4462-BD45-47373F3C1862}.Debug|x86.ActiveCfg = Debug|Any CPU
		{A39FCC7D-2A76-4462-BD45-47373F3C1862}.Release|Any CPU.ActiveCfg = Release|Any CPU
		{A39FCC7D-2A76-4462-BD45-47373F3C1862}.Release|Any CPU.Build.0 = Release|Any CPU
		{A39FCC7D-2A76-4462-BD45-47373F3C1862}.Release|Mixed Platforms.ActiveCfg = Release|Any CPU
		{A39FCC7D-2A76-4462-BD45-47373F3C1862}.Release|Mixed Platforms.Build.0 = Release|Any CPU
		{A39FCC7D-2A76-4462-BD45-47373F3C1862}.Release|x64.ActiveCfg = Release|Any CPU
		{A39FCC7D-2A76-4462-BD45-47373F3C1862}.Release|x86.ActiveCfg = Release|Any CPU
		{7B7D3D1A-2330-48FE-9FC0-9D02B44B41EE}.Debug|Any CPU.ActiveCfg = Debug|Any CPU
		{7B7D3D1A-2330-48FE-9FC0-9D02B44B41EE}.Debug|Any CPU.Build.0 = Debug|Any CPU
		{7B7D3D1A-2330-48FE-9FC0-9D02B44B41EE}.Debug|Mixed Platforms.ActiveCfg = Debug|Any CPU
		{7B7D3D1A-2330-48FE-9FC0-9D02B44B41EE}.Debug|Mixed Platforms.Build.0 = Debug|Any CPU
		{7B7D3D1A-2330-48FE-9FC0-9D02B44B41EE}.Debug|x64.ActiveCfg = Debug|Any CPU
		{7B7D3D1A-2330-48FE-9FC0-9D02B44B41EE}.Debug|x86.ActiveCfg = Debug|Any CPU
		{7B7D3D1A-2330-48FE-9FC0-9D02B44B41EE}.Release|Any CPU.ActiveCfg = Release|Any CPU
		{7B7D3D1A-2330-48FE-9FC0-9D02B44B41EE}.Release|Any CPU.Build.0 = Release|Any CPU
		{7B7D3D1A-2330-48FE-9FC0-9D02B44B41EE}.Release|Mixed Platforms.ActiveCfg = Release|Any CPU
		{7B7D3D1A-2330-48FE-9FC0-9D02B44B41EE}.Release|Mixed Platforms.Build.0 = Release|Any CPU
		{7B7D3D1A-2330-48FE-9FC0-9D02B44B41EE}.Release|x64.ActiveCfg = Release|Any CPU
		{7B7D3D1A-2330-48FE-9FC0-9D02B44B41EE}.Release|x86.ActiveCfg = Release|Any CPU
		{C32FE0AF-401D-4608-A2E6-2A603617C62E}.Debug|Any CPU.ActiveCfg = Debug|Any CPU
		{C32FE0AF-401D-4608-A2E6-2A603617C62E}.Debug|Any CPU.Build.0 = Debug|Any CPU
		{C32FE0AF-401D-4608-A2E6-2A603617C62E}.Debug|Mixed Platforms.ActiveCfg = Debug|Any CPU
		{C32FE0AF-401D-4608-A2E6-2A603617C62E}.Debug|Mixed Platforms.Build.0 = Debug|Any CPU
		{C32FE0AF-401D-4608-A2E6-2A603617C62E}.Debug|x64.ActiveCfg = Debug|Any CPU
		{C32FE0AF-401D-4608-A2E6-2A603617C62E}.Debug|x86.ActiveCfg = Debug|Any CPU
		{C32FE0AF-401D-4608-A2E6-2A603617C62E}.Release|Any CPU.ActiveCfg = Release|Any CPU
		{C32FE0AF-401D-4608-A2E6-2A603617C62E}.Release|Any CPU.Build.0 = Release|Any CPU
		{C32FE0AF-401D-4608-A2E6-2A603617C62E}.Release|Mixed Platforms.ActiveCfg = Release|Any CPU
		{C32FE0AF-401D-4608-A2E6-2A603617C62E}.Release|Mixed Platforms.Build.0 = Release|Any CPU
		{C32FE0AF-401D-4608-A2E6-2A603617C62E}.Release|x64.ActiveCfg = Release|Any CPU
		{C32FE0AF-401D-4608-A2E6-2A603617C62E}.Release|x86.ActiveCfg = Release|Any CPU
		{562116F7-8A38-4346-9919-DE0AF8AE47D5}.Debug|Any CPU.ActiveCfg = Debug|Any CPU
		{562116F7-8A38-4346-9919-DE0AF8AE47D5}.Debug|Any CPU.Build.0 = Debug|Any CPU
		{562116F7-8A38-4346-9919-DE0AF8AE47D5}.Debug|Mixed Platforms.ActiveCfg = Debug|Any CPU
		{562116F7-8A38-4346-9919-DE0AF8AE47D5}.Debug|Mixed Platforms.Build.0 = Debug|Any CPU
		{562116F7-8A38-4346-9919-DE0AF8AE47D5}.Debug|x64.ActiveCfg = Debug|Any CPU
		{562116F7-8A38-4346-9919-DE0AF8AE47D5}.Debug|x86.ActiveCfg = Debug|Any CPU
		{562116F7-8A38-4346-9919-DE0AF8AE47D5}.Release|Any CPU.ActiveCfg = Release|Any CPU
		{562116F7-8A38-4346-9919-DE0AF8AE47D5}.Release|Any CPU.Build.0 = Release|Any CPU
		{562116F7-8A38-4346-9919-DE0AF8AE47D5}.Release|Mixed Platforms.ActiveCfg = Release|Any CPU
		{562116F7-8A38-4346-9919-DE0AF8AE47D5}.Release|Mixed Platforms.Build.0 = Release|Any CPU
		{562116F7-8A38-4346-9919-DE0AF8AE47D5}.Release|x64.ActiveCfg = Release|Any CPU
		{562116F7-8A38-4346-9919-DE0AF8AE47D5}.Release|x86.ActiveCfg = Release|Any CPU
		{A12B05CD-C36C-4484-9E19-59D54B4B11E2}.Debug|Any CPU.ActiveCfg = Debug|Any CPU
		{A12B05CD-C36C-4484-9E19-59D54B4B11E2}.Debug|Any CPU.Build.0 = Debug|Any CPU
		{A12B05CD-C36C-4484-9E19-59D54B4B11E2}.Debug|Mixed Platforms.ActiveCfg = Debug|Any CPU
		{A12B05CD-C36C-4484-9E19-59D54B4B11E2}.Debug|Mixed Platforms.Build.0 = Debug|Any CPU
		{A12B05CD-C36C-4484-9E19-59D54B4B11E2}.Debug|x64.ActiveCfg = Debug|Any CPU
		{A12B05CD-C36C-4484-9E19-59D54B4B11E2}.Debug|x86.ActiveCfg = Debug|Any CPU
		{A12B05CD-C36C-4484-9E19-59D54B4B11E2}.Release|Any CPU.ActiveCfg = Release|Any CPU
		{A12B05CD-C36C-4484-9E19-59D54B4B11E2}.Release|Any CPU.Build.0 = Release|Any CPU
		{A12B05CD-C36C-4484-9E19-59D54B4B11E2}.Release|Mixed Platforms.ActiveCfg = Release|Any CPU
		{A12B05CD-C36C-4484-9E19-59D54B4B11E2}.Release|Mixed Platforms.Build.0 = Release|Any CPU
		{A12B05CD-C36C-4484-9E19-59D54B4B11E2}.Release|x64.ActiveCfg = Release|Any CPU
		{A12B05CD-C36C-4484-9E19-59D54B4B11E2}.Release|x86.ActiveCfg = Release|Any CPU
		{C0A88420-C8F5-4E09-B514-1D29D2730233}.Debug|Any CPU.ActiveCfg = Debug|Any CPU
		{C0A88420-C8F5-4E09-B514-1D29D2730233}.Debug|Any CPU.Build.0 = Debug|Any CPU
		{C0A88420-C8F5-4E09-B514-1D29D2730233}.Debug|Mixed Platforms.ActiveCfg = Debug|Any CPU
		{C0A88420-C8F5-4E09-B514-1D29D2730233}.Debug|Mixed Platforms.Build.0 = Debug|Any CPU
		{C0A88420-C8F5-4E09-B514-1D29D2730233}.Debug|x64.ActiveCfg = Debug|Any CPU
		{C0A88420-C8F5-4E09-B514-1D29D2730233}.Debug|x86.ActiveCfg = Debug|Any CPU
		{C0A88420-C8F5-4E09-B514-1D29D2730233}.Release|Any CPU.ActiveCfg = Release|Any CPU
		{C0A88420-C8F5-4E09-B514-1D29D2730233}.Release|Any CPU.Build.0 = Release|Any CPU
		{C0A88420-C8F5-4E09-B514-1D29D2730233}.Release|Mixed Platforms.ActiveCfg = Release|Any CPU
		{C0A88420-C8F5-4E09-B514-1D29D2730233}.Release|Mixed Platforms.Build.0 = Release|Any CPU
		{C0A88420-C8F5-4E09-B514-1D29D2730233}.Release|x64.ActiveCfg = Release|Any CPU
		{C0A88420-C8F5-4E09-B514-1D29D2730233}.Release|x86.ActiveCfg = Release|Any CPU
		{F50845E9-F4B1-4999-B9A0-75BB9DE595FD}.Debug|Any CPU.ActiveCfg = Debug|Any CPU
		{F50845E9-F4B1-4999-B9A0-75BB9DE595FD}.Debug|Any CPU.Build.0 = Debug|Any CPU
		{F50845E9-F4B1-4999-B9A0-75BB9DE595FD}.Debug|Mixed Platforms.ActiveCfg = Debug|Any CPU
		{F50845E9-F4B1-4999-B9A0-75BB9DE595FD}.Debug|Mixed Platforms.Build.0 = Debug|Any CPU
		{F50845E9-F4B1-4999-B9A0-75BB9DE595FD}.Debug|x64.ActiveCfg = Debug|Any CPU
		{F50845E9-F4B1-4999-B9A0-75BB9DE595FD}.Debug|x86.ActiveCfg = Debug|Any CPU
		{F50845E9-F4B1-4999-B9A0-75BB9DE595FD}.Release|Any CPU.ActiveCfg = Release|Any CPU
		{F50845E9-F4B1-4999-B9A0-75BB9DE595FD}.Release|Any CPU.Build.0 = Release|Any CPU
		{F50845E9-F4B1-4999-B9A0-75BB9DE595FD}.Release|Mixed Platforms.ActiveCfg = Release|Any CPU
		{F50845E9-F4B1-4999-B9A0-75BB9DE595FD}.Release|Mixed Platforms.Build.0 = Release|Any CPU
		{F50845E9-F4B1-4999-B9A0-75BB9DE595FD}.Release|x64.ActiveCfg = Release|Any CPU
		{F50845E9-F4B1-4999-B9A0-75BB9DE595FD}.Release|x86.ActiveCfg = Release|Any CPU
		{B4880C04-EA31-452F-AAB1-4BBBBED04FEB}.Debug|Any CPU.ActiveCfg = Debug|Any CPU
		{B4880C04-EA31-452F-AAB1-4BBBBED04FEB}.Debug|Any CPU.Build.0 = Debug|Any CPU
		{B4880C04-EA31-452F-AAB1-4BBBBED04FEB}.Debug|Mixed Platforms.ActiveCfg = Debug|Any CPU
		{B4880C04-EA31-452F-AAB1-4BBBBED04FEB}.Debug|Mixed Platforms.Build.0 = Debug|Any CPU
		{B4880C04-EA31-452F-AAB1-4BBBBED04FEB}.Debug|x64.ActiveCfg = Debug|Any CPU
		{B4880C04-EA31-452F-AAB1-4BBBBED04FEB}.Debug|x86.ActiveCfg = Debug|Any CPU
		{B4880C04-EA31-452F-AAB1-4BBBBED04FEB}.Release|Any CPU.ActiveCfg = Release|Any CPU
		{B4880C04-EA31-452F-AAB1-4BBBBED04FEB}.Release|Any CPU.Build.0 = Release|Any CPU
		{B4880C04-EA31-452F-AAB1-4BBBBED04FEB}.Release|Mixed Platforms.ActiveCfg = Release|Any CPU
		{B4880C04-EA31-452F-AAB1-4BBBBED04FEB}.Release|Mixed Platforms.Build.0 = Release|Any CPU
		{B4880C04-EA31-452F-AAB1-4BBBBED04FEB}.Release|x64.ActiveCfg = Release|Any CPU
		{B4880C04-EA31-452F-AAB1-4BBBBED04FEB}.Release|x86.ActiveCfg = Release|Any CPU
		{6D9282C7-6991-4D31-AA13-1DEC4ED67DF8}.Debug|Any CPU.ActiveCfg = Debug|x86
		{6D9282C7-6991-4D31-AA13-1DEC4ED67DF8}.Debug|Mixed Platforms.ActiveCfg = Debug|x86
		{6D9282C7-6991-4D31-AA13-1DEC4ED67DF8}.Debug|Mixed Platforms.Build.0 = Debug|x86
		{6D9282C7-6991-4D31-AA13-1DEC4ED67DF8}.Debug|x64.ActiveCfg = Debug|x86
		{6D9282C7-6991-4D31-AA13-1DEC4ED67DF8}.Debug|x86.ActiveCfg = Debug|x86
		{6D9282C7-6991-4D31-AA13-1DEC4ED67DF8}.Debug|x86.Build.0 = Debug|x86
		{6D9282C7-6991-4D31-AA13-1DEC4ED67DF8}.Release|Any CPU.ActiveCfg = Release|x86
		{6D9282C7-6991-4D31-AA13-1DEC4ED67DF8}.Release|Mixed Platforms.ActiveCfg = Release|x86
		{6D9282C7-6991-4D31-AA13-1DEC4ED67DF8}.Release|Mixed Platforms.Build.0 = Release|x86
		{6D9282C7-6991-4D31-AA13-1DEC4ED67DF8}.Release|x64.ActiveCfg = Release|x86
		{6D9282C7-6991-4D31-AA13-1DEC4ED67DF8}.Release|x86.ActiveCfg = Release|x86
		{6D9282C7-6991-4D31-AA13-1DEC4ED67DF8}.Release|x86.Build.0 = Release|x86
		{650AA178-0AB1-4537-9451-5905C4F4E690}.Debug|Any CPU.ActiveCfg = Debug|Any CPU
		{650AA178-0AB1-4537-9451-5905C4F4E690}.Debug|Any CPU.Build.0 = Debug|Any CPU
		{650AA178-0AB1-4537-9451-5905C4F4E690}.Debug|Mixed Platforms.ActiveCfg = Debug|Any CPU
		{650AA178-0AB1-4537-9451-5905C4F4E690}.Debug|Mixed Platforms.Build.0 = Debug|Any CPU
		{650AA178-0AB1-4537-9451-5905C4F4E690}.Debug|x64.ActiveCfg = Debug|Any CPU
		{650AA178-0AB1-4537-9451-5905C4F4E690}.Debug|x86.ActiveCfg = Debug|Any CPU
		{650AA178-0AB1-4537-9451-5905C4F4E690}.Release|Any CPU.ActiveCfg = Release|Any CPU
		{650AA178-0AB1-4537-9451-5905C4F4E690}.Release|Any CPU.Build.0 = Release|Any CPU
		{650AA178-0AB1-4537-9451-5905C4F4E690}.Release|Mixed Platforms.ActiveCfg = Release|Any CPU
		{650AA178-0AB1-4537-9451-5905C4F4E690}.Release|Mixed Platforms.Build.0 = Release|Any CPU
		{650AA178-0AB1-4537-9451-5905C4F4E690}.Release|x64.ActiveCfg = Release|Any CPU
		{650AA178-0AB1-4537-9451-5905C4F4E690}.Release|x86.ActiveCfg = Release|Any CPU
		{75AC3681-B055-40E1-B664-B51132CC8AAA}.Debug|Any CPU.ActiveCfg = Debug|Any CPU
		{75AC3681-B055-40E1-B664-B51132CC8AAA}.Debug|Any CPU.Build.0 = Debug|Any CPU
		{75AC3681-B055-40E1-B664-B51132CC8AAA}.Debug|Mixed Platforms.ActiveCfg = Debug|Any CPU
		{75AC3681-B055-40E1-B664-B51132CC8AAA}.Debug|Mixed Platforms.Build.0 = Debug|Any CPU
		{75AC3681-B055-40E1-B664-B51132CC8AAA}.Debug|x64.ActiveCfg = Debug|Any CPU
		{75AC3681-B055-40E1-B664-B51132CC8AAA}.Debug|x86.ActiveCfg = Debug|Any CPU
		{75AC3681-B055-40E1-B664-B51132CC8AAA}.Release|Any CPU.ActiveCfg = Release|Any CPU
		{75AC3681-B055-40E1-B664-B51132CC8AAA}.Release|Any CPU.Build.0 = Release|Any CPU
		{75AC3681-B055-40E1-B664-B51132CC8AAA}.Release|Mixed Platforms.ActiveCfg = Release|Any CPU
		{75AC3681-B055-40E1-B664-B51132CC8AAA}.Release|Mixed Platforms.Build.0 = Release|Any CPU
		{75AC3681-B055-40E1-B664-B51132CC8AAA}.Release|x64.ActiveCfg = Release|Any CPU
		{75AC3681-B055-40E1-B664-B51132CC8AAA}.Release|x86.ActiveCfg = Release|Any CPU
		{23446B98-1312-45BE-AAF0-B3CBE51B74DF}.Debug|Any CPU.ActiveCfg = Debug|Any CPU
		{23446B98-1312-45BE-AAF0-B3CBE51B74DF}.Debug|Any CPU.Build.0 = Debug|Any CPU
		{23446B98-1312-45BE-AAF0-B3CBE51B74DF}.Debug|Mixed Platforms.ActiveCfg = Debug|Any CPU
		{23446B98-1312-45BE-AAF0-B3CBE51B74DF}.Debug|Mixed Platforms.Build.0 = Debug|Any CPU
		{23446B98-1312-45BE-AAF0-B3CBE51B74DF}.Debug|x64.ActiveCfg = Debug|Any CPU
		{23446B98-1312-45BE-AAF0-B3CBE51B74DF}.Debug|x86.ActiveCfg = Debug|Any CPU
		{23446B98-1312-45BE-AAF0-B3CBE51B74DF}.Release|Any CPU.ActiveCfg = Release|Any CPU
		{23446B98-1312-45BE-AAF0-B3CBE51B74DF}.Release|Any CPU.Build.0 = Release|Any CPU
		{23446B98-1312-45BE-AAF0-B3CBE51B74DF}.Release|Mixed Platforms.ActiveCfg = Release|Any CPU
		{23446B98-1312-45BE-AAF0-B3CBE51B74DF}.Release|Mixed Platforms.Build.0 = Release|Any CPU
		{23446B98-1312-45BE-AAF0-B3CBE51B74DF}.Release|x64.ActiveCfg = Release|Any CPU
		{23446B98-1312-45BE-AAF0-B3CBE51B74DF}.Release|x86.ActiveCfg = Release|Any CPU
		{07EF29F7-D4F3-4164-98D0-33271A2D68B3}.Debug|Any CPU.ActiveCfg = Debug|Any CPU
		{07EF29F7-D4F3-4164-98D0-33271A2D68B3}.Debug|Any CPU.Build.0 = Debug|Any CPU
		{07EF29F7-D4F3-4164-98D0-33271A2D68B3}.Debug|Mixed Platforms.ActiveCfg = Debug|Any CPU
		{07EF29F7-D4F3-4164-98D0-33271A2D68B3}.Debug|Mixed Platforms.Build.0 = Debug|Any CPU
		{07EF29F7-D4F3-4164-98D0-33271A2D68B3}.Debug|x64.ActiveCfg = Debug|Any CPU
		{07EF29F7-D4F3-4164-98D0-33271A2D68B3}.Debug|x86.ActiveCfg = Debug|Any CPU
		{07EF29F7-D4F3-4164-98D0-33271A2D68B3}.Release|Any CPU.ActiveCfg = Release|Any CPU
		{07EF29F7-D4F3-4164-98D0-33271A2D68B3}.Release|Any CPU.Build.0 = Release|Any CPU
		{07EF29F7-D4F3-4164-98D0-33271A2D68B3}.Release|Mixed Platforms.ActiveCfg = Release|Any CPU
		{07EF29F7-D4F3-4164-98D0-33271A2D68B3}.Release|Mixed Platforms.Build.0 = Release|Any CPU
		{07EF29F7-D4F3-4164-98D0-33271A2D68B3}.Release|x64.ActiveCfg = Release|Any CPU
		{07EF29F7-D4F3-4164-98D0-33271A2D68B3}.Release|x86.ActiveCfg = Release|Any CPU
		{DCF0AF6D-ECD4-4CEE-9A66-2EF915923357}.Debug|Any CPU.ActiveCfg = Debug|Any CPU
		{DCF0AF6D-ECD4-4CEE-9A66-2EF915923357}.Debug|Any CPU.Build.0 = Debug|Any CPU
		{DCF0AF6D-ECD4-4CEE-9A66-2EF915923357}.Debug|Mixed Platforms.ActiveCfg = Debug|Any CPU
		{DCF0AF6D-ECD4-4CEE-9A66-2EF915923357}.Debug|Mixed Platforms.Build.0 = Debug|Any CPU
		{DCF0AF6D-ECD4-4CEE-9A66-2EF915923357}.Debug|x64.ActiveCfg = Debug|Any CPU
		{DCF0AF6D-ECD4-4CEE-9A66-2EF915923357}.Debug|x86.ActiveCfg = Debug|Any CPU
		{DCF0AF6D-ECD4-4CEE-9A66-2EF915923357}.Release|Any CPU.ActiveCfg = Release|Any CPU
		{DCF0AF6D-ECD4-4CEE-9A66-2EF915923357}.Release|Any CPU.Build.0 = Release|Any CPU
		{DCF0AF6D-ECD4-4CEE-9A66-2EF915923357}.Release|Mixed Platforms.ActiveCfg = Release|Any CPU
		{DCF0AF6D-ECD4-4CEE-9A66-2EF915923357}.Release|Mixed Platforms.Build.0 = Release|Any CPU
		{DCF0AF6D-ECD4-4CEE-9A66-2EF915923357}.Release|x64.ActiveCfg = Release|Any CPU
		{DCF0AF6D-ECD4-4CEE-9A66-2EF915923357}.Release|x86.ActiveCfg = Release|Any CPU
		{2F42EB4F-C6EE-457C-B6C0-197715CD6C8D}.Debug|Any CPU.ActiveCfg = Debug|Any CPU
		{2F42EB4F-C6EE-457C-B6C0-197715CD6C8D}.Debug|Any CPU.Build.0 = Debug|Any CPU
		{2F42EB4F-C6EE-457C-B6C0-197715CD6C8D}.Debug|Mixed Platforms.ActiveCfg = Debug|Any CPU
		{2F42EB4F-C6EE-457C-B6C0-197715CD6C8D}.Debug|Mixed Platforms.Build.0 = Debug|Any CPU
		{2F42EB4F-C6EE-457C-B6C0-197715CD6C8D}.Debug|x64.ActiveCfg = Debug|Any CPU
		{2F42EB4F-C6EE-457C-B6C0-197715CD6C8D}.Debug|x86.ActiveCfg = Debug|Any CPU
		{2F42EB4F-C6EE-457C-B6C0-197715CD6C8D}.Release|Any CPU.ActiveCfg = Release|Any CPU
		{2F42EB4F-C6EE-457C-B6C0-197715CD6C8D}.Release|Any CPU.Build.0 = Release|Any CPU
		{2F42EB4F-C6EE-457C-B6C0-197715CD6C8D}.Release|Mixed Platforms.ActiveCfg = Release|Any CPU
		{2F42EB4F-C6EE-457C-B6C0-197715CD6C8D}.Release|Mixed Platforms.Build.0 = Release|Any CPU
		{2F42EB4F-C6EE-457C-B6C0-197715CD6C8D}.Release|x64.ActiveCfg = Release|Any CPU
		{2F42EB4F-C6EE-457C-B6C0-197715CD6C8D}.Release|x86.ActiveCfg = Release|Any CPU
		{8DF4CE5A-4390-4A0A-88CB-1E33B1303F5D}.Debug|Any CPU.ActiveCfg = Debug|Any CPU
		{8DF4CE5A-4390-4A0A-88CB-1E33B1303F5D}.Debug|Any CPU.Build.0 = Debug|Any CPU
		{8DF4CE5A-4390-4A0A-88CB-1E33B1303F5D}.Debug|Mixed Platforms.ActiveCfg = Debug|Any CPU
		{8DF4CE5A-4390-4A0A-88CB-1E33B1303F5D}.Debug|Mixed Platforms.Build.0 = Debug|Any CPU
		{8DF4CE5A-4390-4A0A-88CB-1E33B1303F5D}.Debug|x64.ActiveCfg = Debug|Any CPU
		{8DF4CE5A-4390-4A0A-88CB-1E33B1303F5D}.Debug|x86.ActiveCfg = Debug|Any CPU
		{8DF4CE5A-4390-4A0A-88CB-1E33B1303F5D}.Release|Any CPU.ActiveCfg = Release|Any CPU
		{8DF4CE5A-4390-4A0A-88CB-1E33B1303F5D}.Release|Any CPU.Build.0 = Release|Any CPU
		{8DF4CE5A-4390-4A0A-88CB-1E33B1303F5D}.Release|Mixed Platforms.ActiveCfg = Release|Any CPU
		{8DF4CE5A-4390-4A0A-88CB-1E33B1303F5D}.Release|Mixed Platforms.Build.0 = Release|Any CPU
		{8DF4CE5A-4390-4A0A-88CB-1E33B1303F5D}.Release|x64.ActiveCfg = Release|Any CPU
		{8DF4CE5A-4390-4A0A-88CB-1E33B1303F5D}.Release|x86.ActiveCfg = Release|Any CPU
		{85647F45-6BF8-4604-BEF2-19F78B4E5EFF}.Debug|Any CPU.ActiveCfg = Debug|Any CPU
		{85647F45-6BF8-4604-BEF2-19F78B4E5EFF}.Debug|Any CPU.Build.0 = Debug|Any CPU
		{85647F45-6BF8-4604-BEF2-19F78B4E5EFF}.Debug|Mixed Platforms.ActiveCfg = Debug|Any CPU
		{85647F45-6BF8-4604-BEF2-19F78B4E5EFF}.Debug|Mixed Platforms.Build.0 = Debug|Any CPU
		{85647F45-6BF8-4604-BEF2-19F78B4E5EFF}.Debug|x64.ActiveCfg = Debug|Any CPU
		{85647F45-6BF8-4604-BEF2-19F78B4E5EFF}.Debug|x86.ActiveCfg = Debug|Any CPU
		{85647F45-6BF8-4604-BEF2-19F78B4E5EFF}.Release|Any CPU.ActiveCfg = Release|Any CPU
		{85647F45-6BF8-4604-BEF2-19F78B4E5EFF}.Release|Any CPU.Build.0 = Release|Any CPU
		{85647F45-6BF8-4604-BEF2-19F78B4E5EFF}.Release|Mixed Platforms.ActiveCfg = Release|Any CPU
		{85647F45-6BF8-4604-BEF2-19F78B4E5EFF}.Release|Mixed Platforms.Build.0 = Release|Any CPU
		{85647F45-6BF8-4604-BEF2-19F78B4E5EFF}.Release|x64.ActiveCfg = Release|Any CPU
		{85647F45-6BF8-4604-BEF2-19F78B4E5EFF}.Release|x86.ActiveCfg = Release|Any CPU
		{885DD751-9B58-4D44-BA5D-7657A3F43624}.Debug|Any CPU.ActiveCfg = Debug|Any CPU
		{885DD751-9B58-4D44-BA5D-7657A3F43624}.Debug|Any CPU.Build.0 = Debug|Any CPU
		{885DD751-9B58-4D44-BA5D-7657A3F43624}.Debug|Mixed Platforms.ActiveCfg = Debug|Any CPU
		{885DD751-9B58-4D44-BA5D-7657A3F43624}.Debug|Mixed Platforms.Build.0 = Debug|Any CPU
		{885DD751-9B58-4D44-BA5D-7657A3F43624}.Debug|x64.ActiveCfg = Debug|Any CPU
		{885DD751-9B58-4D44-BA5D-7657A3F43624}.Debug|x86.ActiveCfg = Debug|Any CPU
		{885DD751-9B58-4D44-BA5D-7657A3F43624}.Release|Any CPU.ActiveCfg = Release|Any CPU
		{885DD751-9B58-4D44-BA5D-7657A3F43624}.Release|Any CPU.Build.0 = Release|Any CPU
		{885DD751-9B58-4D44-BA5D-7657A3F43624}.Release|Mixed Platforms.ActiveCfg = Release|Any CPU
		{885DD751-9B58-4D44-BA5D-7657A3F43624}.Release|Mixed Platforms.Build.0 = Release|Any CPU
		{885DD751-9B58-4D44-BA5D-7657A3F43624}.Release|x64.ActiveCfg = Release|Any CPU
		{885DD751-9B58-4D44-BA5D-7657A3F43624}.Release|x86.ActiveCfg = Release|Any CPU
		{16784296-98B1-4011-9EDB-49E2CBC1D1F3}.Debug|Any CPU.ActiveCfg = Debug|Any CPU
		{16784296-98B1-4011-9EDB-49E2CBC1D1F3}.Debug|Any CPU.Build.0 = Debug|Any CPU
		{16784296-98B1-4011-9EDB-49E2CBC1D1F3}.Debug|Mixed Platforms.ActiveCfg = Debug|Any CPU
		{16784296-98B1-4011-9EDB-49E2CBC1D1F3}.Debug|Mixed Platforms.Build.0 = Debug|Any CPU
		{16784296-98B1-4011-9EDB-49E2CBC1D1F3}.Debug|x64.ActiveCfg = Debug|Any CPU
		{16784296-98B1-4011-9EDB-49E2CBC1D1F3}.Debug|x86.ActiveCfg = Debug|Any CPU
		{16784296-98B1-4011-9EDB-49E2CBC1D1F3}.Release|Any CPU.ActiveCfg = Release|Any CPU
		{16784296-98B1-4011-9EDB-49E2CBC1D1F3}.Release|Any CPU.Build.0 = Release|Any CPU
		{16784296-98B1-4011-9EDB-49E2CBC1D1F3}.Release|Mixed Platforms.ActiveCfg = Release|Any CPU
		{16784296-98B1-4011-9EDB-49E2CBC1D1F3}.Release|Mixed Platforms.Build.0 = Release|Any CPU
		{16784296-98B1-4011-9EDB-49E2CBC1D1F3}.Release|x64.ActiveCfg = Release|Any CPU
		{16784296-98B1-4011-9EDB-49E2CBC1D1F3}.Release|x86.ActiveCfg = Release|Any CPU
		{E700BAF2-9E4F-4E39-8BA4-2E1682DC78A3}.Debug|Any CPU.ActiveCfg = Debug|Any CPU
		{E700BAF2-9E4F-4E39-8BA4-2E1682DC78A3}.Debug|Any CPU.Build.0 = Debug|Any CPU
		{E700BAF2-9E4F-4E39-8BA4-2E1682DC78A3}.Debug|Mixed Platforms.ActiveCfg = Debug|Any CPU
		{E700BAF2-9E4F-4E39-8BA4-2E1682DC78A3}.Debug|Mixed Platforms.Build.0 = Debug|Any CPU
		{E700BAF2-9E4F-4E39-8BA4-2E1682DC78A3}.Debug|x64.ActiveCfg = Debug|Any CPU
		{E700BAF2-9E4F-4E39-8BA4-2E1682DC78A3}.Debug|x86.ActiveCfg = Debug|Any CPU
		{E700BAF2-9E4F-4E39-8BA4-2E1682DC78A3}.Release|Any CPU.ActiveCfg = Release|Any CPU
		{E700BAF2-9E4F-4E39-8BA4-2E1682DC78A3}.Release|Any CPU.Build.0 = Release|Any CPU
		{E700BAF2-9E4F-4E39-8BA4-2E1682DC78A3}.Release|Mixed Platforms.ActiveCfg = Release|Any CPU
		{E700BAF2-9E4F-4E39-8BA4-2E1682DC78A3}.Release|Mixed Platforms.Build.0 = Release|Any CPU
		{E700BAF2-9E4F-4E39-8BA4-2E1682DC78A3}.Release|x64.ActiveCfg = Release|Any CPU
		{E700BAF2-9E4F-4E39-8BA4-2E1682DC78A3}.Release|x86.ActiveCfg = Release|Any CPU
	EndGlobalSection
	GlobalSection(SolutionProperties) = preSolution
		HideSolutionNode = FALSE
	EndGlobalSection
EndGlobal
