
Microsoft Visual Studio Solution File, Format Version 11.00
# Visual Studio 2010
Project("{FAE04EC0-301F-11D3-BF4B-00C04F79EFBC}") = "PHANQUYEN", "PHANQUYEN\PHANQUYEN.csproj", "{3A5DBA30-F3D7-4451-B83D-53E44C2B499E}"
EndProject
Project("{FAE04EC0-301F-11D3-BF4B-00C04F79EFBC}") = "APCoreProcess", "..\..\..\Libs\Libs\APCoreProcess.cs\APCoreProcess.cs\APCoreProcess.csproj", "{BFCD11FB-6032-4582-A4D5-679A61757134}"
EndProject
Project("{FAE04EC0-301F-11D3-BF4B-00C04F79EFBC}") = "ControlDev", "..\..\..\Libs\Libs\Controls\Controls\ControlDev.csproj", "{A39FCC7D-2A76-4462-BD45-47373F3C1862}"
EndProject
Project("{FAE04EC0-301F-11D3-BF4B-00C04F79EFBC}") = "Data", "..\..\..\Libs\Libs\Data\Data\Data.csproj", "{7B7D3D1A-2330-48FE-9FC0-9D02B44B41EE}"
EndProject
Project("{FAE04EC0-301F-11D3-BF4B-00C04F79EFBC}") = "Function", "..\..\..\Libs\Libs\Function\Function\Function.csproj", "{C32FE0AF-401D-4608-A2E6-2A603617C62E}"
EndProject
Project("{FAE04EC0-301F-11D3-BF4B-00C04F79EFBC}") = "Security", "..\..\..\Thanh\Security\Security\Security.csproj", "{562116F7-8A38-4346-9919-DE0AF8AE47D5}"
EndProject
Global
	GlobalSection(SolutionConfigurationPlatforms) = preSolution
		Debug|Any CPU = Debug|Any CPU
		Release|Any CPU = Release|Any CPU
	EndGlobalSection
	GlobalSection(ProjectConfigurationPlatforms) = postSolution
		{3A5DBA30-F3D7-4451-B83D-53E44C2B499E}.Debug|Any CPU.ActiveCfg = Debug|Any CPU
		{3A5DBA30-F3D7-4451-B83D-53E44C2B499E}.Debug|Any CPU.Build.0 = Debug|Any CPU
		{3A5DBA30-F3D7-4451-B83D-53E44C2B499E}.Release|Any CPU.ActiveCfg = Release|Any CPU
		{3A5DBA30-F3D7-4451-B83D-53E44C2B499E}.Release|Any CPU.Build.0 = Release|Any CPU
		{BFCD11FB-6032-4582-A4D5-679A61757134}.Debug|Any CPU.ActiveCfg = Debug|Any CPU
		{BFCD11FB-6032-4582-A4D5-679A61757134}.Debug|Any CPU.Build.0 = Debug|Any CPU
		{BFCD11FB-6032-4582-A4D5-679A61757134}.Release|Any CPU.ActiveCfg = Release|Any CPU
		{BFCD11FB-6032-4582-A4D5-679A61757134}.Release|Any CPU.Build.0 = Release|Any CPU
		{A39FCC7D-2A76-4462-BD45-47373F3C1862}.Debug|Any CPU.ActiveCfg = Debug|Any CPU
		{A39FCC7D-2A76-4462-BD45-47373F3C1862}.Debug|Any CPU.Build.0 = Debug|Any CPU
		{A39FCC7D-2A76-4462-BD45-47373F3C1862}.Release|Any CPU.ActiveCfg = Release|Any CPU
		{A39FCC7D-2A76-4462-BD45-47373F3C1862}.Release|Any CPU.Build.0 = Release|Any CPU
		{7B7D3D1A-2330-48FE-9FC0-9D02B44B41EE}.Debug|Any CPU.ActiveCfg = Debug|Any CPU
		{7B7D3D1A-2330-48FE-9FC0-9D02B44B41EE}.Debug|Any CPU.Build.0 = Debug|Any CPU
		{7B7D3D1A-2330-48FE-9FC0-9D02B44B41EE}.Release|Any CPU.ActiveCfg = Release|Any CPU
		{7B7D3D1A-2330-48FE-9FC0-9D02B44B41EE}.Release|Any CPU.Build.0 = Release|Any CPU
		{C32FE0AF-401D-4608-A2E6-2A603617C62E}.Debug|Any CPU.ActiveCfg = Debug|Any CPU
		{C32FE0AF-401D-4608-A2E6-2A603617C62E}.Debug|Any CPU.Build.0 = Debug|Any CPU
		{C32FE0AF-401D-4608-A2E6-2A603617C62E}.Release|Any CPU.ActiveCfg = Release|Any CPU
		{C32FE0AF-401D-4608-A2E6-2A603617C62E}.Release|Any CPU.Build.0 = Release|Any CPU
		{562116F7-8A38-4346-9919-DE0AF8AE47D5}.Debug|Any CPU.ActiveCfg = Debug|Any CPU
		{562116F7-8A38-4346-9919-DE0AF8AE47D5}.Debug|Any CPU.Build.0 = Debug|Any CPU
		{562116F7-8A38-4346-9919-DE0AF8AE47D5}.Release|Any CPU.ActiveCfg = Release|Any CPU
		{562116F7-8A38-4346-9919-DE0AF8AE47D5}.Release|Any CPU.Build.0 = Release|Any CPU
	EndGlobalSection
	GlobalSection(SolutionProperties) = preSolution
		HideSolutionNode = FALSE
	EndGlobalSection
EndGlobal
