
Microsoft Visual Studio Solution File, Format Version 11.00
# Visual Studio 2010
Project("{FAE04EC0-301F-11D3-BF4B-00C04F79EFBC}") = "SOURCE_FORM_DMNATIONAL", "SOURCE_FORM_DMNATIONAL.csproj", "{026952CC-1BE1-49C1-A581-E5C2CAB06155}"
EndProject
Global
	GlobalSection(SolutionConfigurationPlatforms) = preSolution
		Debug|Any CPU = Debug|Any CPU
		Release|Any CPU = Release|Any CPU
	EndGlobalSection
	GlobalSection(ProjectConfigurationPlatforms) = postSolution
		{026952CC-1BE1-49C1-A581-E5C2CAB06155}.Debug|Any CPU.ActiveCfg = Debug|Any CPU
		{026952CC-1BE1-49C1-A581-E5C2CAB06155}.Debug|Any CPU.Build.0 = Debug|Any CPU
		{026952CC-1BE1-49C1-A581-E5C2CAB06155}.Release|Any CPU.ActiveCfg = Release|Any CPU
		{026952CC-1BE1-49C1-A581-E5C2CAB06155}.Release|Any CPU.Build.0 = Release|Any CPU
	EndGlobalSection
	GlobalSection(SolutionProperties) = preSolution
		HideSolutionNode = FALSE
	EndGlobalSection
EndGlobal
